
Microsoft Visual Studio Solution File, Format Version 12.00
# Visual Studio 14
VisualStudioVersion = 14.0.25420.1
MinimumVisualStudioVersion = 10.0.40219.1
Project("{F14B399A-7131-4C87-9E4B-1186C45EF12D}") = "Navision Reports", "Navision Reports\Navision Reports.rptproj", "{530DF764-BCB8-4B81-812C-69CCAE927B0D}"
EndProject
Project("{F14B399A-7131-4C87-9E4B-1186C45EF12D}") = "THA Reports", "THA Reports\THA Reports.rptproj", "{B3DDE55A-42F7-4C83-BCD9-A10149552AE7}"
EndProject
Project("{F14B399A-7131-4C87-9E4B-1186C45EF12D}") = "USA Reports", "USA Reports\USA Reports.rptproj", "{35C1B269-A602-4F21-9244-5F6A88F25713}"
EndProject
Project("{F14B399A-7131-4C87-9E4B-1186C45EF12D}") = "MEX Reports", "MEX Reports\MEX Reports.rptproj", "{6BBC5827-A9EA-4580-A500-1CE018EDB3AA}"
EndProject
Project("{F14B399A-7131-4C87-9E4B-1186C45EF12D}") = "EUR Reports", "EUR Reports\EUR Reports.rptproj", "{E80FD732-0ADC-419B-8FF6-742306CEF4CF}"
EndProject
Project("{F14B399A-7131-4C87-9E4B-1186C45EF12D}") = "VNM Reports", "VNM Reports\VNM Reports.rptproj", "{CCC66350-BB09-4A90-97EA-206AC9AEC3D7}"
EndProject
Project("{F14B399A-7131-4C87-9E4B-1186C45EF12D}") = "KOR Reports", "KOR Reports\KOR Reports.rptproj", "{537F607C-D0C2-4B9C-AB6D-E3ED80DE22CC}"
EndProject
Project("{F14B399A-7131-4C87-9E4B-1186C45EF12D}") = "Commission Reports", "Commission Reports\Commission Reports.rptproj", "{914FCA18-DD71-4931-83C0-D065373D645A}"
EndProject
Project("{F14B399A-7131-4C87-9E4B-1186C45EF12D}") = "IND Reports", "IND Reports\IND Reports.rptproj", "{721F072F-8CBB-4E09-A986-7C09B6980A37}"
EndProject
Project("{F14B399A-7131-4C87-9E4B-1186C45EF12D}") = "PHL Reports", "PHL Reports\PHL Reports.rptproj", "{D9C698B3-A834-42F9-AB06-5B12D984D3D3}"
EndProject
Project("{F14B399A-7131-4C87-9E4B-1186C45EF12D}") = "JPN Reports", "JPN Reports\JPN Reports.rptproj", "{0A6959B1-3735-4471-ACE6-6489EE69ADCA}"
EndProject
Project("{F14B399A-7131-4C87-9E4B-1186C45EF12D}") = "CAN Reports", "CAN Reports\CAN Reports.rptproj", "{CCF951AB-440D-4E8B-8160-F4DA386991DD}"
EndProject
Project("{F14B399A-7131-4C87-9E4B-1186C45EF12D}") = "SGP Reports", "SGP Reports\SGP Reports.rptproj", "{FB4E99FA-D970-47AC-8653-09268800F069}"
EndProject
Project("{F14B399A-7131-4C87-9E4B-1186C45EF12D}") = "UAE Reports", "UAE Reports\UAE Reports.rptproj", "{BA4C6CED-A902-405C-9290-CE91988480EF}"
EndProject
Project("{F14B399A-7131-4C87-9E4B-1186C45EF12D}") = "USA IT Reports", "USA IT Reports\USA IT Reports.rptproj", "{6FE2B925-9E8C-436B-95C8-9A6800C5BF79}"
EndProject
Project("{F14B399A-7131-4C87-9E4B-1186C45EF12D}") = "COL Reports", "COL Reports\COL Reports.rptproj", "{E67DA022-5345-492F-BA2E-D6DFA58815F1}"
EndProject
Project("{F14B399A-7131-4C87-9E4B-1186C45EF12D}") = "MYS Reports", "MYS Reports\MYS Reports.rptproj", "{43B897EE-927C-43DE-A965-3FA45FB181B3}"
EndProject
Project("{F14B399A-7131-4C87-9E4B-1186C45EF12D}") = "IDN Reports", "IDN Reports\IDN Reports.rptproj", "{F5A5235C-F33E-4926-B80E-403D9C384B0E}"
EndProject
Project("{F14B399A-7131-4C87-9E4B-1186C45EF12D}") = "HKG Reports", "HKG Reportts\HKG Reports.rptproj", "{ED310C28-8B18-4AB6-A20E-C4C9E1FB46C8}"
EndProject
Project("{F14B399A-7131-4C87-9E4B-1186C45EF12D}") = "Finance Reports", "Finance Reports\Finance Reports.rptproj", "{75AB4972-DB41-49B2-AF7D-482627103BAB}"
EndProject
Project("{F14B399A-7131-4C87-9E4B-1186C45EF12D}") = "IT Reports", "IT Reports\IT Reports.rptproj", "{1E11E4C6-3751-48C4-8353-B05923ED57A1}"
EndProject
Project("{F14B399A-7131-4C87-9E4B-1186C45EF12D}") = "EMT Reports", "EMT Reports\EMT Reports.rptproj", "{6BD27D9D-4094-469F-82A0-15B6BB2A072F}"
EndProject
Project("{F14B399A-7131-4C87-9E4B-1186C45EF12D}") = "Worldwide Finance Reports", "Worldwide Finance Reports\Worldwide Finance Reports.rptproj", "{1803ADD6-1327-4A17-87B4-7C0162517B2A}"
EndProject
Project("{F14B399A-7131-4C87-9E4B-1186C45EF12D}") = "Market Analytics", "Market Analytics\Market Analytics.rptproj", "{77F8D5B7-255C-4548-815C-82628D10057A}"
EndProject
Project("{F14B399A-7131-4C87-9E4B-1186C45EF12D}") = "GetFit21 Reports", "GetFit21 Reports\GetFit21 Reports.rptproj", "{2806F58E-E563-403B-97E5-AD49C1B1BEEB}"
EndProject
Project("{F14B399A-7131-4C87-9E4B-1186C45EF12D}") = "OPTIMITY Reports", "OPTIMITY Reports\OPTIMITY Reports.rptproj", "{098E2524-EF34-428C-8FDA-1764C557E31A}"
EndProject
Global
	GlobalSection(SolutionConfigurationPlatforms) = preSolution
		Debug|Default = Debug|Default
		DebugLocal|Default = DebugLocal|Default
		Release|Default = Release|Default
	EndGlobalSection
	GlobalSection(ProjectConfigurationPlatforms) = postSolution
		{530DF764-BCB8-4B81-812C-69CCAE927B0D}.Debug|Default.ActiveCfg = Debug
		{530DF764-BCB8-4B81-812C-69CCAE927B0D}.Debug|Default.Build.0 = Debug
		{530DF764-BCB8-4B81-812C-69CCAE927B0D}.Debug|Default.Deploy.0 = Debug
		{530DF764-BCB8-4B81-812C-69CCAE927B0D}.DebugLocal|Default.ActiveCfg = DebugLocal
		{530DF764-BCB8-4B81-812C-69CCAE927B0D}.DebugLocal|Default.Build.0 = DebugLocal
		{530DF764-BCB8-4B81-812C-69CCAE927B0D}.Release|Default.ActiveCfg = Release
		{530DF764-BCB8-4B81-812C-69CCAE927B0D}.Release|Default.Build.0 = Release
		{530DF764-BCB8-4B81-812C-69CCAE927B0D}.Release|Default.Deploy.0 = Release
		{B3DDE55A-42F7-4C83-BCD9-A10149552AE7}.Debug|Default.ActiveCfg = Debug
		{B3DDE55A-42F7-4C83-BCD9-A10149552AE7}.Debug|Default.Build.0 = Debug
		{B3DDE55A-42F7-4C83-BCD9-A10149552AE7}.Debug|Default.Deploy.0 = Debug
		{B3DDE55A-42F7-4C83-BCD9-A10149552AE7}.DebugLocal|Default.ActiveCfg = DebugLocal
		{B3DDE55A-42F7-4C83-BCD9-A10149552AE7}.DebugLocal|Default.Build.0 = DebugLocal
		{B3DDE55A-42F7-4C83-BCD9-A10149552AE7}.Release|Default.ActiveCfg = Release
		{B3DDE55A-42F7-4C83-BCD9-A10149552AE7}.Release|Default.Build.0 = Release
		{B3DDE55A-42F7-4C83-BCD9-A10149552AE7}.Release|Default.Deploy.0 = Release
		{35C1B269-A602-4F21-9244-5F6A88F25713}.Debug|Default.ActiveCfg = Debug
		{35C1B269-A602-4F21-9244-5F6A88F25713}.Debug|Default.Build.0 = Debug
		{35C1B269-A602-4F21-9244-5F6A88F25713}.Debug|Default.Deploy.0 = Debug
		{35C1B269-A602-4F21-9244-5F6A88F25713}.DebugLocal|Default.ActiveCfg = DebugLocal
		{35C1B269-A602-4F21-9244-5F6A88F25713}.DebugLocal|Default.Build.0 = DebugLocal
		{35C1B269-A602-4F21-9244-5F6A88F25713}.Release|Default.ActiveCfg = Release
		{35C1B269-A602-4F21-9244-5F6A88F25713}.Release|Default.Build.0 = Release
		{35C1B269-A602-4F21-9244-5F6A88F25713}.Release|Default.Deploy.0 = Release
		{6BBC5827-A9EA-4580-A500-1CE018EDB3AA}.Debug|Default.ActiveCfg = Debug
		{6BBC5827-A9EA-4580-A500-1CE018EDB3AA}.Debug|Default.Build.0 = Debug
		{6BBC5827-A9EA-4580-A500-1CE018EDB3AA}.Debug|Default.Deploy.0 = Debug
		{6BBC5827-A9EA-4580-A500-1CE018EDB3AA}.DebugLocal|Default.ActiveCfg = DebugLocal
		{6BBC5827-A9EA-4580-A500-1CE018EDB3AA}.DebugLocal|Default.Build.0 = DebugLocal
		{6BBC5827-A9EA-4580-A500-1CE018EDB3AA}.Release|Default.ActiveCfg = Release
		{6BBC5827-A9EA-4580-A500-1CE018EDB3AA}.Release|Default.Build.0 = Release
		{6BBC5827-A9EA-4580-A500-1CE018EDB3AA}.Release|Default.Deploy.0 = Release
		{E80FD732-0ADC-419B-8FF6-742306CEF4CF}.Debug|Default.ActiveCfg = Debug
		{E80FD732-0ADC-419B-8FF6-742306CEF4CF}.Debug|Default.Build.0 = Debug
		{E80FD732-0ADC-419B-8FF6-742306CEF4CF}.Debug|Default.Deploy.0 = Debug
		{E80FD732-0ADC-419B-8FF6-742306CEF4CF}.DebugLocal|Default.ActiveCfg = DebugLocal
		{E80FD732-0ADC-419B-8FF6-742306CEF4CF}.DebugLocal|Default.Build.0 = DebugLocal
		{E80FD732-0ADC-419B-8FF6-742306CEF4CF}.Release|Default.ActiveCfg = Release
		{E80FD732-0ADC-419B-8FF6-742306CEF4CF}.Release|Default.Build.0 = Release
		{E80FD732-0ADC-419B-8FF6-742306CEF4CF}.Release|Default.Deploy.0 = Release
		{CCC66350-BB09-4A90-97EA-206AC9AEC3D7}.Debug|Default.ActiveCfg = Debug
		{CCC66350-BB09-4A90-97EA-206AC9AEC3D7}.Debug|Default.Build.0 = Debug
		{CCC66350-BB09-4A90-97EA-206AC9AEC3D7}.Debug|Default.Deploy.0 = Debug
		{CCC66350-BB09-4A90-97EA-206AC9AEC3D7}.DebugLocal|Default.ActiveCfg = DebugLocal
		{CCC66350-BB09-4A90-97EA-206AC9AEC3D7}.DebugLocal|Default.Build.0 = DebugLocal
		{CCC66350-BB09-4A90-97EA-206AC9AEC3D7}.Release|Default.ActiveCfg = Release
		{CCC66350-BB09-4A90-97EA-206AC9AEC3D7}.Release|Default.Build.0 = Release
		{CCC66350-BB09-4A90-97EA-206AC9AEC3D7}.Release|Default.Deploy.0 = Release
		{537F607C-D0C2-4B9C-AB6D-E3ED80DE22CC}.Debug|Default.ActiveCfg = Debug
		{537F607C-D0C2-4B9C-AB6D-E3ED80DE22CC}.Debug|Default.Build.0 = Debug
		{537F607C-D0C2-4B9C-AB6D-E3ED80DE22CC}.Debug|Default.Deploy.0 = Debug
		{537F607C-D0C2-4B9C-AB6D-E3ED80DE22CC}.DebugLocal|Default.ActiveCfg = DebugLocal
		{537F607C-D0C2-4B9C-AB6D-E3ED80DE22CC}.DebugLocal|Default.Build.0 = DebugLocal
		{537F607C-D0C2-4B9C-AB6D-E3ED80DE22CC}.Release|Default.ActiveCfg = Release
		{537F607C-D0C2-4B9C-AB6D-E3ED80DE22CC}.Release|Default.Build.0 = Release
		{537F607C-D0C2-4B9C-AB6D-E3ED80DE22CC}.Release|Default.Deploy.0 = Release
		{914FCA18-DD71-4931-83C0-D065373D645A}.Debug|Default.ActiveCfg = Debug
		{914FCA18-DD71-4931-83C0-D065373D645A}.Debug|Default.Build.0 = Debug
		{914FCA18-DD71-4931-83C0-D065373D645A}.Debug|Default.Deploy.0 = Debug
		{914FCA18-DD71-4931-83C0-D065373D645A}.DebugLocal|Default.ActiveCfg = DebugLocal
		{914FCA18-DD71-4931-83C0-D065373D645A}.DebugLocal|Default.Build.0 = DebugLocal
		{914FCA18-DD71-4931-83C0-D065373D645A}.Release|Default.ActiveCfg = Release
		{914FCA18-DD71-4931-83C0-D065373D645A}.Release|Default.Build.0 = Release
		{914FCA18-DD71-4931-83C0-D065373D645A}.Release|Default.Deploy.0 = Release
		{721F072F-8CBB-4E09-A986-7C09B6980A37}.Debug|Default.ActiveCfg = Debug
		{721F072F-8CBB-4E09-A986-7C09B6980A37}.Debug|Default.Build.0 = Debug
		{721F072F-8CBB-4E09-A986-7C09B6980A37}.Debug|Default.Deploy.0 = Debug
		{721F072F-8CBB-4E09-A986-7C09B6980A37}.DebugLocal|Default.ActiveCfg = DebugLocal
		{721F072F-8CBB-4E09-A986-7C09B6980A37}.DebugLocal|Default.Build.0 = DebugLocal
		{721F072F-8CBB-4E09-A986-7C09B6980A37}.Release|Default.ActiveCfg = Release
		{721F072F-8CBB-4E09-A986-7C09B6980A37}.Release|Default.Build.0 = Release
		{721F072F-8CBB-4E09-A986-7C09B6980A37}.Release|Default.Deploy.0 = Release
		{D9C698B3-A834-42F9-AB06-5B12D984D3D3}.Debug|Default.ActiveCfg = Debug
		{D9C698B3-A834-42F9-AB06-5B12D984D3D3}.Debug|Default.Build.0 = Debug
		{D9C698B3-A834-42F9-AB06-5B12D984D3D3}.Debug|Default.Deploy.0 = Debug
		{D9C698B3-A834-42F9-AB06-5B12D984D3D3}.DebugLocal|Default.ActiveCfg = DebugLocal
		{D9C698B3-A834-42F9-AB06-5B12D984D3D3}.DebugLocal|Default.Build.0 = DebugLocal
		{D9C698B3-A834-42F9-AB06-5B12D984D3D3}.Release|Default.ActiveCfg = Release
		{D9C698B3-A834-42F9-AB06-5B12D984D3D3}.Release|Default.Build.0 = Release
		{D9C698B3-A834-42F9-AB06-5B12D984D3D3}.Release|Default.Deploy.0 = Release
		{0A6959B1-3735-4471-ACE6-6489EE69ADCA}.Debug|Default.ActiveCfg = Debug
		{0A6959B1-3735-4471-ACE6-6489EE69ADCA}.Debug|Default.Build.0 = Debug
		{0A6959B1-3735-4471-ACE6-6489EE69ADCA}.Debug|Default.Deploy.0 = Debug
		{0A6959B1-3735-4471-ACE6-6489EE69ADCA}.DebugLocal|Default.ActiveCfg = DebugLocal
		{0A6959B1-3735-4471-ACE6-6489EE69ADCA}.DebugLocal|Default.Build.0 = DebugLocal
		{0A6959B1-3735-4471-ACE6-6489EE69ADCA}.Release|Default.ActiveCfg = Release
		{0A6959B1-3735-4471-ACE6-6489EE69ADCA}.Release|Default.Build.0 = Release
		{0A6959B1-3735-4471-ACE6-6489EE69ADCA}.Release|Default.Deploy.0 = Release
		{CCF951AB-440D-4E8B-8160-F4DA386991DD}.Debug|Default.ActiveCfg = Debug
		{CCF951AB-440D-4E8B-8160-F4DA386991DD}.Debug|Default.Build.0 = Debug
		{CCF951AB-440D-4E8B-8160-F4DA386991DD}.Debug|Default.Deploy.0 = Debug
		{CCF951AB-440D-4E8B-8160-F4DA386991DD}.DebugLocal|Default.ActiveCfg = DebugLocal
		{CCF951AB-440D-4E8B-8160-F4DA386991DD}.DebugLocal|Default.Build.0 = DebugLocal
		{CCF951AB-440D-4E8B-8160-F4DA386991DD}.Release|Default.ActiveCfg = Release
		{CCF951AB-440D-4E8B-8160-F4DA386991DD}.Release|Default.Build.0 = Release
		{CCF951AB-440D-4E8B-8160-F4DA386991DD}.Release|Default.Deploy.0 = Release
		{FB4E99FA-D970-47AC-8653-09268800F069}.Debug|Default.ActiveCfg = Debug
		{FB4E99FA-D970-47AC-8653-09268800F069}.Debug|Default.Build.0 = Debug
		{FB4E99FA-D970-47AC-8653-09268800F069}.Debug|Default.Deploy.0 = Debug
		{FB4E99FA-D970-47AC-8653-09268800F069}.DebugLocal|Default.ActiveCfg = DebugLocal
		{FB4E99FA-D970-47AC-8653-09268800F069}.DebugLocal|Default.Build.0 = DebugLocal
		{FB4E99FA-D970-47AC-8653-09268800F069}.Release|Default.ActiveCfg = Release
		{FB4E99FA-D970-47AC-8653-09268800F069}.Release|Default.Build.0 = Release
		{FB4E99FA-D970-47AC-8653-09268800F069}.Release|Default.Deploy.0 = Release
		{BA4C6CED-A902-405C-9290-CE91988480EF}.Debug|Default.ActiveCfg = Debug
		{BA4C6CED-A902-405C-9290-CE91988480EF}.Debug|Default.Build.0 = Debug
		{BA4C6CED-A902-405C-9290-CE91988480EF}.Debug|Default.Deploy.0 = Debug
		{BA4C6CED-A902-405C-9290-CE91988480EF}.DebugLocal|Default.ActiveCfg = DebugLocal
		{BA4C6CED-A902-405C-9290-CE91988480EF}.DebugLocal|Default.Build.0 = DebugLocal
		{BA4C6CED-A902-405C-9290-CE91988480EF}.Release|Default.ActiveCfg = Release
		{BA4C6CED-A902-405C-9290-CE91988480EF}.Release|Default.Build.0 = Release
		{BA4C6CED-A902-405C-9290-CE91988480EF}.Release|Default.Deploy.0 = Release
		{6FE2B925-9E8C-436B-95C8-9A6800C5BF79}.Debug|Default.ActiveCfg = Debug
		{6FE2B925-9E8C-436B-95C8-9A6800C5BF79}.Debug|Default.Build.0 = Debug
		{6FE2B925-9E8C-436B-95C8-9A6800C5BF79}.Debug|Default.Deploy.0 = Debug
		{6FE2B925-9E8C-436B-95C8-9A6800C5BF79}.DebugLocal|Default.ActiveCfg = DebugLocal
		{6FE2B925-9E8C-436B-95C8-9A6800C5BF79}.DebugLocal|Default.Build.0 = DebugLocal
		{6FE2B925-9E8C-436B-95C8-9A6800C5BF79}.Release|Default.ActiveCfg = Release
		{6FE2B925-9E8C-436B-95C8-9A6800C5BF79}.Release|Default.Build.0 = Release
		{6FE2B925-9E8C-436B-95C8-9A6800C5BF79}.Release|Default.Deploy.0 = Release
		{E67DA022-5345-492F-BA2E-D6DFA58815F1}.Debug|Default.ActiveCfg = Debug
		{E67DA022-5345-492F-BA2E-D6DFA58815F1}.Debug|Default.Build.0 = Debug
		{E67DA022-5345-492F-BA2E-D6DFA58815F1}.Debug|Default.Deploy.0 = Debug
		{E67DA022-5345-492F-BA2E-D6DFA58815F1}.DebugLocal|Default.ActiveCfg = DebugLocal
		{E67DA022-5345-492F-BA2E-D6DFA58815F1}.DebugLocal|Default.Build.0 = DebugLocal
		{E67DA022-5345-492F-BA2E-D6DFA58815F1}.Release|Default.ActiveCfg = Release
		{E67DA022-5345-492F-BA2E-D6DFA58815F1}.Release|Default.Build.0 = Release
		{E67DA022-5345-492F-BA2E-D6DFA58815F1}.Release|Default.Deploy.0 = Release
		{43B897EE-927C-43DE-A965-3FA45FB181B3}.Debug|Default.ActiveCfg = Debug
		{43B897EE-927C-43DE-A965-3FA45FB181B3}.Debug|Default.Build.0 = Debug
		{43B897EE-927C-43DE-A965-3FA45FB181B3}.Debug|Default.Deploy.0 = Debug
		{43B897EE-927C-43DE-A965-3FA45FB181B3}.DebugLocal|Default.ActiveCfg = DebugLocal
		{43B897EE-927C-43DE-A965-3FA45FB181B3}.DebugLocal|Default.Build.0 = DebugLocal
		{43B897EE-927C-43DE-A965-3FA45FB181B3}.Release|Default.ActiveCfg = Release
		{43B897EE-927C-43DE-A965-3FA45FB181B3}.Release|Default.Build.0 = Release
		{43B897EE-927C-43DE-A965-3FA45FB181B3}.Release|Default.Deploy.0 = Release
		{F5A5235C-F33E-4926-B80E-403D9C384B0E}.Debug|Default.ActiveCfg = Debug
		{F5A5235C-F33E-4926-B80E-403D9C384B0E}.Debug|Default.Build.0 = Debug
		{F5A5235C-F33E-4926-B80E-403D9C384B0E}.Debug|Default.Deploy.0 = Debug
		{F5A5235C-F33E-4926-B80E-403D9C384B0E}.DebugLocal|Default.ActiveCfg = DebugLocal
		{F5A5235C-F33E-4926-B80E-403D9C384B0E}.DebugLocal|Default.Build.0 = DebugLocal
		{F5A5235C-F33E-4926-B80E-403D9C384B0E}.Release|Default.ActiveCfg = Release
		{F5A5235C-F33E-4926-B80E-403D9C384B0E}.Release|Default.Build.0 = Release
		{F5A5235C-F33E-4926-B80E-403D9C384B0E}.Release|Default.Deploy.0 = Release
		{ED310C28-8B18-4AB6-A20E-C4C9E1FB46C8}.Debug|Default.ActiveCfg = Debug
		{ED310C28-8B18-4AB6-A20E-C4C9E1FB46C8}.Debug|Default.Build.0 = Debug
		{ED310C28-8B18-4AB6-A20E-C4C9E1FB46C8}.Debug|Default.Deploy.0 = Debug
		{ED310C28-8B18-4AB6-A20E-C4C9E1FB46C8}.DebugLocal|Default.ActiveCfg = DebugLocal
		{ED310C28-8B18-4AB6-A20E-C4C9E1FB46C8}.DebugLocal|Default.Build.0 = DebugLocal
		{ED310C28-8B18-4AB6-A20E-C4C9E1FB46C8}.Release|Default.ActiveCfg = Release
		{ED310C28-8B18-4AB6-A20E-C4C9E1FB46C8}.Release|Default.Build.0 = Release
		{ED310C28-8B18-4AB6-A20E-C4C9E1FB46C8}.Release|Default.Deploy.0 = Release
		{75AB4972-DB41-49B2-AF7D-482627103BAB}.Debug|Default.ActiveCfg = Debug
		{75AB4972-DB41-49B2-AF7D-482627103BAB}.Debug|Default.Build.0 = Debug
		{75AB4972-DB41-49B2-AF7D-482627103BAB}.Debug|Default.Deploy.0 = Debug
		{75AB4972-DB41-49B2-AF7D-482627103BAB}.DebugLocal|Default.ActiveCfg = DebugLocal
		{75AB4972-DB41-49B2-AF7D-482627103BAB}.DebugLocal|Default.Build.0 = DebugLocal
		{75AB4972-DB41-49B2-AF7D-482627103BAB}.Release|Default.ActiveCfg = Release
		{75AB4972-DB41-49B2-AF7D-482627103BAB}.Release|Default.Build.0 = Release
		{75AB4972-DB41-49B2-AF7D-482627103BAB}.Release|Default.Deploy.0 = Release
		{1E11E4C6-3751-48C4-8353-B05923ED57A1}.Debug|Default.ActiveCfg = Debug
		{1E11E4C6-3751-48C4-8353-B05923ED57A1}.Debug|Default.Build.0 = Debug
		{1E11E4C6-3751-48C4-8353-B05923ED57A1}.Debug|Default.Deploy.0 = Debug
		{1E11E4C6-3751-48C4-8353-B05923ED57A1}.DebugLocal|Default.ActiveCfg = DebugLocal
		{1E11E4C6-3751-48C4-8353-B05923ED57A1}.DebugLocal|Default.Build.0 = DebugLocal
		{1E11E4C6-3751-48C4-8353-B05923ED57A1}.Release|Default.ActiveCfg = Release
		{1E11E4C6-3751-48C4-8353-B05923ED57A1}.Release|Default.Build.0 = Release
		{1E11E4C6-3751-48C4-8353-B05923ED57A1}.Release|Default.Deploy.0 = Release
		{6BD27D9D-4094-469F-82A0-15B6BB2A072F}.Debug|Default.ActiveCfg = Debug
		{6BD27D9D-4094-469F-82A0-15B6BB2A072F}.Debug|Default.Build.0 = Debug
		{6BD27D9D-4094-469F-82A0-15B6BB2A072F}.Debug|Default.Deploy.0 = Debug
		{6BD27D9D-4094-469F-82A0-15B6BB2A072F}.DebugLocal|Default.ActiveCfg = DebugLocal
		{6BD27D9D-4094-469F-82A0-15B6BB2A072F}.DebugLocal|Default.Build.0 = DebugLocal
		{6BD27D9D-4094-469F-82A0-15B6BB2A072F}.Release|Default.ActiveCfg = Release
		{6BD27D9D-4094-469F-82A0-15B6BB2A072F}.Release|Default.Build.0 = Release
		{6BD27D9D-4094-469F-82A0-15B6BB2A072F}.Release|Default.Deploy.0 = Release
		{1803ADD6-1327-4A17-87B4-7C0162517B2A}.Debug|Default.ActiveCfg = Debug
		{1803ADD6-1327-4A17-87B4-7C0162517B2A}.Debug|Default.Build.0 = Debug
		{1803ADD6-1327-4A17-87B4-7C0162517B2A}.Debug|Default.Deploy.0 = Debug
		{1803ADD6-1327-4A17-87B4-7C0162517B2A}.DebugLocal|Default.ActiveCfg = DebugLocal
		{1803ADD6-1327-4A17-87B4-7C0162517B2A}.DebugLocal|Default.Build.0 = DebugLocal
		{1803ADD6-1327-4A17-87B4-7C0162517B2A}.Release|Default.ActiveCfg = Release
		{1803ADD6-1327-4A17-87B4-7C0162517B2A}.Release|Default.Build.0 = Release
		{1803ADD6-1327-4A17-87B4-7C0162517B2A}.Release|Default.Deploy.0 = Release
		{77F8D5B7-255C-4548-815C-82628D10057A}.Debug|Default.ActiveCfg = Debug
		{77F8D5B7-255C-4548-815C-82628D10057A}.Debug|Default.Build.0 = Debug
		{77F8D5B7-255C-4548-815C-82628D10057A}.Debug|Default.Deploy.0 = Debug
		{77F8D5B7-255C-4548-815C-82628D10057A}.DebugLocal|Default.ActiveCfg = DebugLocal
		{77F8D5B7-255C-4548-815C-82628D10057A}.DebugLocal|Default.Build.0 = DebugLocal
		{77F8D5B7-255C-4548-815C-82628D10057A}.Release|Default.ActiveCfg = Release
		{77F8D5B7-255C-4548-815C-82628D10057A}.Release|Default.Build.0 = Release
		{77F8D5B7-255C-4548-815C-82628D10057A}.Release|Default.Deploy.0 = Release
		{2806F58E-E563-403B-97E5-AD49C1B1BEEB}.Debug|Default.ActiveCfg = Debug
		{2806F58E-E563-403B-97E5-AD49C1B1BEEB}.Debug|Default.Build.0 = Debug
		{2806F58E-E563-403B-97E5-AD49C1B1BEEB}.Debug|Default.Deploy.0 = Debug
		{2806F58E-E563-403B-97E5-AD49C1B1BEEB}.DebugLocal|Default.ActiveCfg = DebugLocal
		{2806F58E-E563-403B-97E5-AD49C1B1BEEB}.DebugLocal|Default.Build.0 = DebugLocal
		{2806F58E-E563-403B-97E5-AD49C1B1BEEB}.Release|Default.ActiveCfg = Release
		{2806F58E-E563-403B-97E5-AD49C1B1BEEB}.Release|Default.Build.0 = Release
		{2806F58E-E563-403B-97E5-AD49C1B1BEEB}.Release|Default.Deploy.0 = Release
		{098E2524-EF34-428C-8FDA-1764C557E31A}.Debug|Default.ActiveCfg = Debug
		{098E2524-EF34-428C-8FDA-1764C557E31A}.Debug|Default.Build.0 = Debug
		{098E2524-EF34-428C-8FDA-1764C557E31A}.Debug|Default.Deploy.0 = Debug
		{098E2524-EF34-428C-8FDA-1764C557E31A}.DebugLocal|Default.ActiveCfg = DebugLocal
		{098E2524-EF34-428C-8FDA-1764C557E31A}.DebugLocal|Default.Build.0 = DebugLocal
		{098E2524-EF34-428C-8FDA-1764C557E31A}.Release|Default.ActiveCfg = Release
		{098E2524-EF34-428C-8FDA-1764C557E31A}.Release|Default.Build.0 = Release
		{098E2524-EF34-428C-8FDA-1764C557E31A}.Release|Default.Deploy.0 = Release
	EndGlobalSection
	GlobalSection(SolutionProperties) = preSolution
		HideSolutionNode = FALSE
	EndGlobalSection
	GlobalSection(TeamFoundationVersionControl) = preSolution
		SccNumberOfProjects = 27
		SccEnterpriseProvider = {4CA58AB2-18FA-4F8D-95D4-32DDF27D184C}
		SccTeamFoundationServer = https://unicity-reports.visualstudio.com/
		SccLocalPath0 = .
		SccProjectUniqueName1 = CAN\u0020Reports\\CAN\u0020Reports.rptproj
		SccProjectName1 = CAN\u0020Reports
		SccLocalPath1 = CAN\u0020Reports
		SccProjectUniqueName2 = Commission\u0020Reports\\Commission\u0020Reports.rptproj
		SccProjectName2 = Commission\u0020Reports
		SccLocalPath2 = Commission\u0020Reports
		SccProjectUniqueName3 = EUR\u0020Reports\\EUR\u0020Reports.rptproj
		SccProjectName3 = EUR\u0020Reports
		SccLocalPath3 = EUR\u0020Reports
		SccProjectUniqueName4 = IND\u0020Reports\\IND\u0020Reports.rptproj
		SccProjectName4 = IND\u0020Reports
		SccLocalPath4 = IND\u0020Reports
		SccProjectUniqueName5 = JPN\u0020Reports\\JPN\u0020Reports.rptproj
		SccProjectName5 = JPN\u0020Reports
		SccLocalPath5 = JPN\u0020Reports
		SccProjectUniqueName6 = KOR\u0020Reports\\KOR\u0020Reports.rptproj
		SccProjectName6 = KOR\u0020Reports
		SccLocalPath6 = KOR\u0020Reports
		SccProjectUniqueName7 = MEX\u0020Reports\\MEX\u0020Reports.rptproj
		SccProjectName7 = MEX\u0020Reports
		SccLocalPath7 = MEX\u0020Reports
		SccProjectUniqueName8 = Navision\u0020Reports\\Navision\u0020Reports.rptproj
		SccProjectName8 = Navision\u0020Reports
		SccLocalPath8 = Navision\u0020Reports
		SccProjectUniqueName9 = PHL\u0020Reports\\PHL\u0020Reports.rptproj
		SccProjectName9 = PHL\u0020Reports
		SccLocalPath9 = PHL\u0020Reports
		SccProjectUniqueName10 = THA\u0020Reports\\THA\u0020Reports.rptproj
		SccProjectName10 = THA\u0020Reports
		SccLocalPath10 = THA\u0020Reports
		SccProjectUniqueName11 = USA\u0020Reports\\USA\u0020Reports.rptproj
		SccProjectName11 = USA\u0020Reports
		SccLocalPath11 = USA\u0020Reports
		SccProjectUniqueName12 = VNM\u0020Reports\\VNM\u0020Reports.rptproj
		SccProjectName12 = VNM\u0020Reports
		SccLocalPath12 = VNM\u0020Reports
		SccProjectUniqueName13 = SGP\u0020Reports\\SGP\u0020Reports.rptproj
		SccProjectName13 = SGP\u0020Reports
		SccLocalPath13 = SGP\u0020Reports
		SccProjectUniqueName14 = UAE\u0020Reports\\UAE\u0020Reports.rptproj
		SccProjectName14 = UAE\u0020Reports
		SccLocalPath14 = UAE\u0020Reports
		SccProjectUniqueName15 = USA\u0020IT\u0020Reports\\USA\u0020IT\u0020Reports.rptproj
		SccProjectName15 = USA\u0020IT\u0020Reports
		SccLocalPath15 = USA\u0020IT\u0020Reports
		SccProjectUniqueName16 = COL\u0020Reports\\COL\u0020Reports.rptproj
		SccProjectName16 = COL\u0020Reports
		SccLocalPath16 = COL\u0020Reports
		SccProjectUniqueName17 = MYS\u0020Reports\\MYS\u0020Reports.rptproj
		SccProjectName17 = MYS\u0020Reports
		SccLocalPath17 = MYS\u0020Reports
		SccProjectUniqueName18 = IDN\u0020Reports\\IDN\u0020Reports.rptproj
		SccProjectName18 = IDN\u0020Reports
		SccLocalPath18 = IDN\u0020Reports
		SccProjectUniqueName19 = HKG\u0020Reportts\\HKG\u0020Reports.rptproj
		SccProjectName19 = HKG\u0020Reportts
		SccLocalPath19 = HKG\u0020Reportts
		SccProjectUniqueName20 = Finance\u0020Reports\\Finance\u0020Reports.rptproj
		SccProjectName20 = Finance\u0020Reports
		SccLocalPath20 = Finance\u0020Reports
		SccProjectUniqueName21 = IT\u0020Reports\\IT\u0020Reports.rptproj
		SccProjectName21 = IT\u0020Reports
		SccLocalPath21 = IT\u0020Reports
		SccProjectUniqueName22 = EMT\u0020Reports\\EMT\u0020Reports.rptproj
		SccProjectName22 = EMT\u0020Reports
		SccLocalPath22 = EMT\u0020Reports
		SccProjectUniqueName23 = Worldwide\u0020Finance\u0020Reports\\Worldwide\u0020Finance\u0020Reports.rptproj
		SccProjectName23 = Worldwide\u0020Finance\u0020Reports
		SccLocalPath23 = Worldwide\u0020Finance\u0020Reports
		SccProjectUniqueName24 = Market\u0020Analytics\\Market\u0020Analytics.rptproj
		SccProjectName24 = Market\u0020Analytics
		SccLocalPath24 = Market\u0020Analytics
		SccProjectUniqueName25 = GetFit21\u0020Reports\\GetFit21\u0020Reports.rptproj
		SccProjectName25 = GetFit21\u0020Reports
		SccLocalPath25 = GetFit21\u0020Reports
		SccProjectUniqueName26 = OPTIMITY\u0020Reports\\OPTIMITY\u0020Reports.rptproj
		SccProjectName26 = OPTIMITY\u0020Reports
		SccLocalPath26 = OPTIMITY\u0020Reports
	EndGlobalSection
EndGlobal
